
Microsoft Visual Studio Solution File, Format Version 12.00
# Visual Studio 2012
Project("{2150E333-8FDC-42A3-9474-1A3956D46DE8}") = "Week 03", "Week 03", "{D1890FB2-BF47-47F9-9010-C9483B7D4A81}"
EndProject
Project("{FAE04EC0-301F-11D3-BF4B-00C04F79EFBC}") = "HelloWorld.Console", "HelloWorld.Console\HelloWorld.Console.csproj", "{2C365098-8934-4B6B-8555-815B479D31F2}"
EndProject
Project("{FAE04EC0-301F-11D3-BF4B-00C04F79EFBC}") = "HelloWorld.WebForm", "HelloWorld.WebForm\HelloWorld.WebForm.csproj", "{9E6F280F-0445-4192-ADD7-AE147F0729EE}"
EndProject
Project("{2150E333-8FDC-42A3-9474-1A3956D46DE8}") = "Week 04", "Week 04", "{85BF2797-C12D-4BCE-9331-969241A8E307}"
EndProject
Project("{FAE04EC0-301F-11D3-BF4B-00C04F79EFBC}") = "HelloWorld.MVC4", "HelloWorld.MVC4\HelloWorld.MVC4.csproj", "{1FBD4980-0637-45C5-8984-BD7F6D707138}"
EndProject
Project("{2150E333-8FDC-42A3-9474-1A3956D46DE8}") = "Week 05", "Week 05", "{E6366696-2CA1-4B5B-AC4F-F0C9261EBD82}"
EndProject
Project("{FAE04EC0-301F-11D3-BF4B-00C04F79EFBC}") = "HelloWorld.Services", "HelloWorld.Services\HelloWorld.Services.csproj", "{B59BC6EB-79FD-426E-8805-4E2DACAC57AB}"
EndProject
Project("{FAE04EC0-301F-11D3-BF4B-00C04F79EFBC}") = "ThreeSixNineServices", "ThreeSixNineService\ThreeSixNineServices.csproj", "{798D5045-DCDF-4978-8455-D1187BBD053B}"
EndProject
Project("{FAE04EC0-301F-11D3-BF4B-00C04F79EFBC}") = "ThreeSixNine.WebForm", "ThreeSixNine.WebForm\ThreeSixNine.WebForm.csproj", "{49C054CF-16F1-4619-ADC6-79B98751EFEC}"
EndProject
Global
	GlobalSection(SolutionConfigurationPlatforms) = preSolution
		Debug|Any CPU = Debug|Any CPU
		Release|Any CPU = Release|Any CPU
	EndGlobalSection
	GlobalSection(ProjectConfigurationPlatforms) = postSolution
		{2C365098-8934-4B6B-8555-815B479D31F2}.Debug|Any CPU.ActiveCfg = Debug|Any CPU
		{2C365098-8934-4B6B-8555-815B479D31F2}.Debug|Any CPU.Build.0 = Debug|Any CPU
		{2C365098-8934-4B6B-8555-815B479D31F2}.Release|Any CPU.ActiveCfg = Release|Any CPU
		{2C365098-8934-4B6B-8555-815B479D31F2}.Release|Any CPU.Build.0 = Release|Any CPU
		{9E6F280F-0445-4192-ADD7-AE147F0729EE}.Debug|Any CPU.ActiveCfg = Debug|Any CPU
		{9E6F280F-0445-4192-ADD7-AE147F0729EE}.Debug|Any CPU.Build.0 = Debug|Any CPU
		{9E6F280F-0445-4192-ADD7-AE147F0729EE}.Release|Any CPU.ActiveCfg = Release|Any CPU
		{9E6F280F-0445-4192-ADD7-AE147F0729EE}.Release|Any CPU.Build.0 = Release|Any CPU
		{1FBD4980-0637-45C5-8984-BD7F6D707138}.Debug|Any CPU.ActiveCfg = Debug|Any CPU
		{1FBD4980-0637-45C5-8984-BD7F6D707138}.Debug|Any CPU.Build.0 = Debug|Any CPU
		{1FBD4980-0637-45C5-8984-BD7F6D707138}.Release|Any CPU.ActiveCfg = Release|Any CPU
		{1FBD4980-0637-45C5-8984-BD7F6D707138}.Release|Any CPU.Build.0 = Release|Any CPU
		{B59BC6EB-79FD-426E-8805-4E2DACAC57AB}.Debug|Any CPU.ActiveCfg = Debug|Any CPU
		{B59BC6EB-79FD-426E-8805-4E2DACAC57AB}.Debug|Any CPU.Build.0 = Debug|Any CPU
		{B59BC6EB-79FD-426E-8805-4E2DACAC57AB}.Release|Any CPU.ActiveCfg = Release|Any CPU
		{B59BC6EB-79FD-426E-8805-4E2DACAC57AB}.Release|Any CPU.Build.0 = Release|Any CPU
		{798D5045-DCDF-4978-8455-D1187BBD053B}.Debug|Any CPU.ActiveCfg = Debug|Any CPU
		{798D5045-DCDF-4978-8455-D1187BBD053B}.Debug|Any CPU.Build.0 = Debug|Any CPU
		{798D5045-DCDF-4978-8455-D1187BBD053B}.Release|Any CPU.ActiveCfg = Release|Any CPU
		{798D5045-DCDF-4978-8455-D1187BBD053B}.Release|Any CPU.Build.0 = Release|Any CPU
		{49C054CF-16F1-4619-ADC6-79B98751EFEC}.Debug|Any CPU.ActiveCfg = Debug|Any CPU
		{49C054CF-16F1-4619-ADC6-79B98751EFEC}.Debug|Any CPU.Build.0 = Debug|Any CPU
		{49C054CF-16F1-4619-ADC6-79B98751EFEC}.Release|Any CPU.ActiveCfg = Release|Any CPU
		{49C054CF-16F1-4619-ADC6-79B98751EFEC}.Release|Any CPU.Build.0 = Release|Any CPU
	EndGlobalSection
	GlobalSection(SolutionProperties) = preSolution
		HideSolutionNode = FALSE
	EndGlobalSection
	GlobalSection(NestedProjects) = preSolution
		{2C365098-8934-4B6B-8555-815B479D31F2} = {D1890FB2-BF47-47F9-9010-C9483B7D4A81}
		{9E6F280F-0445-4192-ADD7-AE147F0729EE} = {D1890FB2-BF47-47F9-9010-C9483B7D4A81}
		{1FBD4980-0637-45C5-8984-BD7F6D707138} = {85BF2797-C12D-4BCE-9331-969241A8E307}
		{B59BC6EB-79FD-426E-8805-4E2DACAC57AB} = {E6366696-2CA1-4B5B-AC4F-F0C9261EBD82}
		{798D5045-DCDF-4978-8455-D1187BBD053B} = {E6366696-2CA1-4B5B-AC4F-F0C9261EBD82}
		{49C054CF-16F1-4619-ADC6-79B98751EFEC} = {E6366696-2CA1-4B5B-AC4F-F0C9261EBD82}
	EndGlobalSection
EndGlobal
